
Microsoft Visual Studio Solution File, Format Version 12.00
# Visual Studio Version 17
VisualStudioVersion = 17.7.34024.191
MinimumVisualStudioVersion = 10.0.40219.1
Project("{FAE04EC0-301F-11D3-BF4B-00C04F79EFBC}") = "Isaac64", "Isaac64.csproj", "{97C2BCCE-496D-4948-818A-95184A9D54BE}"
EndProject
Project("{FAE04EC0-301F-11D3-BF4B-00C04F79EFBC}") = "Isaac64Test", "..\Isaac64csTest\Isaac64Test.csproj", "{2B762F9D-7D81-4D5F-8671-6C89E0D43201}"
EndProject
Global
	GlobalSection(SolutionConfigurationPlatforms) = preSolution
		Debug|Any CPU = Debug|Any CPU
		Release|Any CPU = Release|Any CPU
	EndGlobalSection
	GlobalSection(ProjectConfigurationPlatforms) = postSolution
		{97C2BCCE-496D-4948-818A-95184A9D54BE}.Debug|Any CPU.ActiveCfg = Debug|Any CPU
		{97C2BCCE-496D-4948-818A-95184A9D54BE}.Debug|Any CPU.Build.0 = Debug|Any CPU
		{97C2BCCE-496D-4948-818A-95184A9D54BE}.Release|Any CPU.ActiveCfg = Release|Any CPU
		{97C2BCCE-496D-4948-818A-95184A9D54BE}.Release|Any CPU.Build.0 = Release|Any CPU
		{2B762F9D-7D81-4D5F-8671-6C89E0D43201}.Debug|Any CPU.ActiveCfg = Debug|Any CPU
		{2B762F9D-7D81-4D5F-8671-6C89E0D43201}.Debug|Any CPU.Build.0 = Debug|Any CPU
		{2B762F9D-7D81-4D5F-8671-6C89E0D43201}.Release|Any CPU.ActiveCfg = Release|Any CPU
		{2B762F9D-7D81-4D5F-8671-6C89E0D43201}.Release|Any CPU.Build.0 = Release|Any CPU
	EndGlobalSection
	GlobalSection(SolutionProperties) = preSolution
		HideSolutionNode = FALSE
	EndGlobalSection
	GlobalSection(ExtensibilityGlobals) = postSolution
		SolutionGuid = {6894B5A5-9FBF-4186-A280-A2A2F6BFC75F}
	EndGlobalSection
EndGlobal
